lockfileVersion: '6.0'

settings:
  autoInstallPeers: true
  excludeLinksFromLockfile: false

dependencies:
  inline-worker:
    specifier: ^1.1.0
    version: 1.1.0
  recorder-js:
    specifier: ^1.0.7
    version: 1.0.7

packages:

  /inline-worker@1.1.0:
    resolution: {integrity: sha512-2nlxBGg5Uoop6IRco9wMzlAz62690ylokrUDg3IaCi9bJaq0HykbWlRtRXgvSKiBNmCBGXnOCFBkIFjaSGJocA==}
    dev: false

  /recorder-js@1.0.7:
    resolution: {integrity: sha512-jSG4GP1FUV9vGxY9lrvaI2yGq1OwfIvK8MF8qPndODhkwGx+iPBTG7ZhWK8YHt/zT/c88MmFZCntv9G7x1Exxg==}
    dependencies:
      inline-worker: 1.1.0
    dev: false
